
Microsoft Visual Studio Solution File, Format Version 12.00
# Visual Studio Version 16
VisualStudioVersion = 16.0.30204.135
MinimumVisualStudioVersion = 10.0.40219.1
Project("{8BC9CEB8-8B4A-11D0-8D11-00A0C91BC942}") = "Parallel_Comp_Arch_Final", "Parallel_Comp_Arch_Final.vcxproj", "{BCE643FE-5825-4F57-A3C6-1720AB024FB9}"
EndProject
Global
	GlobalSection(SolutionConfigurationPlatforms) = preSolution
		Debug|x64 = Debug|x64
		Debug|x86 = Debug|x86
		Release|x64 = Release|x64
		Release|x86 = Release|x86
	EndGlobalSection
	GlobalSection(ProjectConfigurationPlatforms) = postSolution
		{BCE643FE-5825-4F57-A3C6-1720AB024FB9}.Debug|x64.ActiveCfg = Debug|x64
		{BCE643FE-5825-4F57-A3C6-1720AB024FB9}.Debug|x64.Build.0 = Debug|x64
		{BCE643FE-5825-4F57-A3C6-1720AB024FB9}.Debug|x86.ActiveCfg = Debug|Win32
		{BCE643FE-5825-4F57-A3C6-1720AB024FB9}.Debug|x86.Build.0 = Debug|Win32
		{BCE643FE-5825-4F57-A3C6-1720AB024FB9}.Release|x64.ActiveCfg = Release|x64
		{BCE643FE-5825-4F57-A3C6-1720AB024FB9}.Release|x64.Build.0 = Release|x64
		{BCE643FE-5825-4F57-A3C6-1720AB024FB9}.Release|x86.ActiveCfg = Release|Win32
		{BCE643FE-5825-4F57-A3C6-1720AB024FB9}.Release|x86.Build.0 = Release|Win32
	EndGlobalSection
	GlobalSection(SolutionProperties) = preSolution
		HideSolutionNode = FALSE
	EndGlobalSection
	GlobalSection(ExtensibilityGlobals) = postSolution
		SolutionGuid = {193ED691-7E8A-4E1D-ABE9-FE09753E8A19}
	EndGlobalSection
EndGlobal
